Microsoft Visual Studio Solution File, Format Version 11.00
# Visual Studio 2008

Project("{D7D9EB48-4E94-41A6-1A28-2B55E32BF4AA}") = "Vikings Online", "Assembly-CSharp.csproj", "{DE2D8A87-A489-4BC5-A10C-44FCD09C662F}"
EndProject
Global
	GlobalSection(SolutionConfigurationPlatforms) = preSolution
		Debug|Any CPU = Debug|Any CPU
		Release|Any CPU = Release|Any CPU
	EndGlobalSection
	GlobalSection(ProjectConfigurationPlatforms) = postSolution
		{DE2D8A87-A489-4BC5-A10C-44FCD09C662F}.Debug|Any CPU.ActiveCfg = Debug|Any CPU
		{DE2D8A87-A489-4BC5-A10C-44FCD09C662F}.Debug|Any CPU.Build.0 = Debug|Any CPU
		{DE2D8A87-A489-4BC5-A10C-44FCD09C662F}.Release|Any CPU.ActiveCfg = Release|Any CPU
		{DE2D8A87-A489-4BC5-A10C-44FCD09C662F}.Release|Any CPU.Build.0 = Release|Any CPU
	EndGlobalSection
	GlobalSection(SolutionProperties) = preSolution
		HideSolutionNode = FALSE
	EndGlobalSection
	GlobalSection(MonoDevelopProperties) = preSolution
		StartupItem = Assembly-CSharp.csproj
	EndGlobalSection
EndGlobal
